// !$*UTF8*$!
{
	archiveVersion = 1;
	classes = {
	};
	objectVersion = 46;
	objects = {

/* Begin PBXBuildFile section */
		990736A82016344C002EFEC5 /* main.m in Sources */ = {isa = PBXBuildFile; fileRef = 990736A72016344C002EFEC5 /* main.m */; };
		990736AB2016344C002EFEC5 /* AppDelegate.m in Sources */ = {isa = PBXBuildFile; fileRef = 990736AA2016344C002EFEC5 /* AppDelegate.m */; };
		990736AE2016344C002EFEC5 /* AddAlarmController.m in Sources */ = {isa = PBXBuildFile; fileRef = 990736AD2016344C002EFEC5 /* AddAlarmController.m */; };
		990736B12016344C002EFEC5 /* Main.storyboard in Resources */ = {isa = PBXBuildFile; fileRef = 990736AF2016344C002EFEC5 /* Main.storyboard */; };
		990736C12016344C002EFEC5 /* alarmTests.m in Sources */ = {isa = PBXBuildFile; fileRef = 990736C02016344C002EFEC5 /* alarmTests.m */; };
		990736CC2016344C002EFEC5 /* alarmUITests.m in Sources */ = {isa = PBXBuildFile; fileRef = 990736CB2016344C002EFEC5 /* alarmUITests.m */; };
		990736DA20163578002EFEC5 /* IndexController.m in Sources */ = {isa = PBXBuildFile; fileRef = 990736D920163578002EFEC5 /* IndexController.m */; };
		990C850A2042AFE400D36C9E /* StatusOneController.m in Sources */ = {isa = PBXBuildFile; fileRef = 990C85092042AFE400D36C9E /* StatusOneController.m */; };
		990C85122042B20C00D36C9E /* StatusFourController.m in Sources */ = {isa = PBXBuildFile; fileRef = 990C850D2042B20C00D36C9E /* StatusFourController.m */; };
		990C85132042B20C00D36C9E /* StatusThreeController.m in Sources */ = {isa = PBXBuildFile; fileRef = 990C850F2042B20C00D36C9E /* StatusThreeController.m */; };
		990C85142042B20C00D36C9E /* StatusTwoController.m in Sources */ = {isa = PBXBuildFile; fileRef = 990C85112042B20C00D36C9E /* StatusTwoController.m */; };
		990C85202042CF9600D36C9E /* NewQuestionController.m in Sources */ = {isa = PBXBuildFile; fileRef = 990C851F2042CF9600D36C9E /* NewQuestionController.m */; };
		990C85222042D95D00D36C9E /* MyMsgController.m in Sources */ = {isa = PBXBuildFile; fileRef = 990C85212042D95D00D36C9E /* MyMsgController.m */; };
		990C85262042DCBD00D36C9E /* MsgDetailController.m in Sources */ = {isa = PBXBuildFile; fileRef = 990C85252042DCBD00D36C9E /* MsgDetailController.m */; };
		990C85282042EA8C00D36C9E /* NewCommentController.m in Sources */ = {isa = PBXBuildFile; fileRef = 990C85272042EA8C00D36C9E /* NewCommentController.m */; };
		990C85332042EECE00D36C9E /* YXCalendarView.m in Sources */ = {isa = PBXBuildFile; fileRef = 990C852B2042EECE00D36C9E /* YXCalendarView.m */; };
		990C85342042EECE00D36C9E /* YXDateHelpObject.m in Sources */ = {isa = PBXBuildFile; fileRef = 990C852D2042EECE00D36C9E /* YXDateHelpObject.m */; };
		990C85352042EECE00D36C9E /* YXDayCell.m in Sources */ = {isa = PBXBuildFile; fileRef = 990C852F2042EECE00D36C9E /* YXDayCell.m */; };
		990C85362042EECE00D36C9E /* YXDayCell.xib in Resources */ = {isa = PBXBuildFile; fileRef = 990C85302042EECE00D36C9E /* YXDayCell.xib */; };
		990C85372042EECE00D36C9E /* YXMonthView.m in Sources */ = {isa = PBXBuildFile; fileRef = 990C85322042EECE00D36C9E /* YXMonthView.m */; };
		990C85412042EFA900D36C9E /* PGIndexBannerSubiew.m in Sources */ = {isa = PBXBuildFile; fileRef = 990C853B2042EFA900D36C9E /* PGIndexBannerSubiew.m */; };
		990C85422042EFA900D36C9E /* NewPagedFlowView.m in Sources */ = {isa = PBXBuildFile; fileRef = 990C853E2042EFA900D36C9E /* NewPagedFlowView.m */; };
		990C85432042EFA900D36C9E /* SXYCircle.m in Sources */ = {isa = PBXBuildFile; fileRef = 990C85402042EFA900D36C9E /* SXYCircle.m */; };
		990C854B2042F3BF00D36C9E /* PTHistogramView.m in Sources */ = {isa = PBXBuildFile; fileRef = 990C85462042F3BF00D36C9E /* PTHistogramView.m */; };
		990C854C2042F3BF00D36C9E /* UIView+Extend.m in Sources */ = {isa = PBXBuildFile; fileRef = 990C85482042F3BF00D36C9E /* UIView+Extend.m */; };
		990C854D2042F3BF00D36C9E /* UICountingLabel.m in Sources */ = {isa = PBXBuildFile; fileRef = 990C854A2042F3BF00D36C9E /* UICountingLabel.m */; };
		9920D21220177AED00DA8D6D /* SelectPhotoController.m in Sources */ = {isa = PBXBuildFile; fileRef = 9920D21120177AED00DA8D6D /* SelectPhotoController.m */; };
		9920D21620177C2800DA8D6D /* SelectMusicController.m in Sources */ = {isa = PBXBuildFile; fileRef = 9920D21520177C2800DA8D6D /* SelectMusicController.m */; };
		9920D2182017859900DA8D6D /* VideoListController.m in Sources */ = {isa = PBXBuildFile; fileRef = 9920D2172017859900DA8D6D /* VideoListController.m */; };
		9920D21C2017860D00DA8D6D /* SettingController.m in Sources */ = {isa = PBXBuildFile; fileRef = 9920D21B2017860D00DA8D6D /* SettingController.m */; };
		998F36D6202757D300676226 /* NoiseController.m in Sources */ = {isa = PBXBuildFile; fileRef = 998F36D5202757D300676226 /* NoiseController.m */; };
		CE01F3FD202359A100040FC4 /* MyCollectionViewCell.m in Sources */ = {isa = PBXBuildFile; fileRef = CE01F3FC202359A100040FC4 /* MyCollectionViewCell.m */; };
		CE1A4979201A01DD005CB860 /* HYBAnimationClock.m in Sources */ = {isa = PBXBuildFile; fileRef = CE1A4977201A01DC005CB860 /* HYBAnimationClock.m */; };
		CE1A497C201A0219005CB860 /* HYBClockView.m in Sources */ = {isa = PBXBuildFile; fileRef = CE1A497B201A0219005CB860 /* HYBClockView.m */; };
		CE446F5B202806FE009320EC /* VideoDetailController.m in Sources */ = {isa = PBXBuildFile; fileRef = CE446F5A202806FE009320EC /* VideoDetailController.m */; };
		CE446F5E20280A1C009320EC /* PwdController.m in Sources */ = {isa = PBXBuildFile; fileRef = CE446F5D20280A1C009320EC /* PwdController.m */; };
		CE446F6220280A4B009320EC /* HelpController.m in Sources */ = {isa = PBXBuildFile; fileRef = CE446F6120280A4B009320EC /* HelpController.m */; };
		CE446F6420280A57009320EC /* AboutController.m in Sources */ = {isa = PBXBuildFile; fileRef = CE446F6320280A57009320EC /* AboutController.m */; };
		CE446F6820280A78009320EC /* VersionController.m in Sources */ = {isa = PBXBuildFile; fileRef = CE446F6720280A78009320EC /* VersionController.m */; };
		CEA01CEB202337A60001DAF0 /* ListAlarmController.m in Sources */ = {isa = PBXBuildFile; fileRef = CEA01CEA202337A60001DAF0 /* ListAlarmController.m */; };
		CEA7ECCC2045161C006A9D7F /* ShowPhotoController.m in Sources */ = {isa = PBXBuildFile; fileRef = CEA7ECCB2045161C006A9D7F /* ShowPhotoController.m */; };
		CEA7ECCE20453CE7006A9D7F /* Assets.xcassets in Resources */ = {isa = PBXBuildFile; fileRef = CEA7ECCD20453CE6006A9D7F /* Assets.xcassets */; };
		CEBBACD02041214800F6262D /* WBTabBarController.m in Sources */ = {isa = PBXBuildFile; fileRef = CEBBACCF2041214800F6262D /* WBTabBarController.m */; };
		CEBBACD42041609B00F6262D /* StatusController.m in Sources */ = {isa = PBXBuildFile; fileRef = CEBBACD32041609B00F6262D /* StatusController.m */; };
		CEBEC2A22043B85D00540DBB /* DiscussController.m in Sources */ = {isa = PBXBuildFile; fileRef = CEBEC2A12043B85D00540DBB /* DiscussController.m */; };
		CEBEC2A42043C7BE00540DBB /* PlayVideoController.m in Sources */ = {isa = PBXBuildFile; fileRef = CEBEC2A32043C7BE00540DBB /* PlayVideoController.m */; };
/* End PBXBuildFile section */

/* Begin PBXContainerItemProxy section */
		990736BD2016344C002EFEC5 /* PBXContainerItemProxy */ = {
			isa = PBXContainerItemProxy;
			containerPortal = 9907369B2016344C002EFEC5 /* Project object */;
			proxyType = 1;
			remoteGlobalIDString = 990736A22016344C002EFEC5;
			remoteInfo = alarm;
		};
		990736C82016344C002EFEC5 /* PBXContainerItemProxy */ = {
			isa = PBXContainerItemProxy;
			containerPortal = 9907369B2016344C002EFEC5 /* Project object */;
			proxyType = 1;
			remoteGlobalIDString = 990736A22016344C002EFEC5;
			remoteInfo = alarm;
		};
/* End PBXContainerItemProxy section */

/* Begin PBXFileReference section */
		990736A32016344C002EFEC5 /* alarm.app */ = {isa = PBXFileReference; explicitFileType = wrapper.application; includeInIndex = 0; path = alarm.app; sourceTree = BUILT_PRODUCTS_DIR; };
		990736A72016344C002EFEC5 /* main.m */ = {isa = PBXFileReference; lastKnownFileType = sourcecode.c.objc; path = main.m; sourceTree = "<group>"; };
		990736A92016344C002EFEC5 /* AppDelegate.h */ = {isa = PBXFileReference; lastKnownFileType = sourcecode.c.h; path = AppDelegate.h; sourceTree = "<group>"; };
		990736AA2016344C002EFEC5 /* AppDelegate.m */ = {isa = PBXFileReference; lastKnownFileType = sourcecode.c.objc; path = AppDelegate.m; sourceTree = "<group>"; };
		990736AC2016344C002EFEC5 /* AddAlarmController.h */ = {isa = PBXFileReference; lastKnownFileType = sourcecode.c.h; path = AddAlarmController.h; sourceTree = "<group>"; };
		990736AD2016344C002EFEC5 /* AddAlarmController.m */ = {isa = PBXFileReference; lastKnownFileType = sourcecode.c.objc; path = AddAlarmController.m; sourceTree = "<group>"; };
		990736B02016344C002EFEC5 /* Base */ = {isa = PBXFileReference; lastKnownFileType = file.storyboard; name = Base; path = Base.lproj/Main.storyboard; sourceTree = "<group>"; };
		990736B72016344C002EFEC5 /* Info.plist */ = {isa = PBXFileReference; lastKnownFileType = text.plist.xml; path = Info.plist; sourceTree = "<group>"; };
		990736BC2016344C002EFEC5 /* alarmTests.xctest */ = {isa = PBXFileReference; explicitFileType = wrapper.cfbundle; includeInIndex = 0; path = alarmTests.xctest; sourceTree = BUILT_PRODUCTS_DIR; };
		990736C02016344C002EFEC5 /* alarmTests.m */ = {isa = PBXFileReference; lastKnownFileType = sourcecode.c.objc; path = alarmTests.m; sourceTree = "<group>"; };
		990736C22016344C002EFEC5 /* Info.plist */ = {isa = PBXFileReference; lastKnownFileType = text.plist.xml; path = Info.plist; sourceTree = "<group>"; };
		990736C72016344C002EFEC5 /* alarmUITests.xctest */ = {isa = PBXFileReference; explicitFileType = wrapper.cfbundle; includeInIndex = 0; path = alarmUITests.xctest; sourceTree = BUILT_PRODUCTS_DIR; };
		990736CB2016344C002EFEC5 /* alarmUITests.m */ = {isa = PBXFileReference; lastKnownFileType = sourcecode.c.objc; path = alarmUITests.m; sourceTree = "<group>"; };
		990736CD2016344C002EFEC5 /* Info.plist */ = {isa = PBXFileReference; lastKnownFileType = text.plist.xml; path = Info.plist; sourceTree = "<group>"; };
		990736D920163578002EFEC5 /* IndexController.m */ = {isa = PBXFileReference; fileEncoding = 4; lastKnownFileType = sourcecode.c.objc; path = IndexController.m; sourceTree = "<group>"; };
		990736DB20163584002EFEC5 /* IndexController.h */ = {isa = PBXFileReference; fileEncoding = 4; lastKnownFileType = sourcecode.c.h; path = IndexController.h; sourceTree = "<group>"; };
		990C85082042AFD700D36C9E /* StatusOneController.h */ = {isa = PBXFileReference; lastKnownFileType = sourcecode.c.h; path = StatusOneController.h; sourceTree = "<group>"; };
		990C85092042AFE400D36C9E /* StatusOneController.m */ = {isa = PBXFileReference; fileEncoding = 4; lastKnownFileType = sourcecode.c.objc; path = StatusOneController.m; sourceTree = "<group>"; };
		990C850C2042B20C00D36C9E /* StatusFourController.h */ = {isa = PBXFileReference; fileEncoding = 4; lastKnownFileType = sourcecode.c.h; path = StatusFourController.h; sourceTree = "<group>"; };
		990C850D2042B20C00D36C9E /* StatusFourController.m */ = {isa = PBXFileReference; fileEncoding = 4; lastKnownFileType = sourcecode.c.objc; path = StatusFourController.m; sourceTree = "<group>"; };
		990C850E2042B20C00D36C9E /* StatusThreeController.h */ = {isa = PBXFileReference; fileEncoding = 4; lastKnownFileType = sourcecode.c.h; path = StatusThreeController.h; sourceTree = "<group>"; };
		990C850F2042B20C00D36C9E /* StatusThreeController.m */ = {isa = PBXFileReference; fileEncoding = 4; lastKnownFileType = sourcecode.c.objc; path = StatusThreeController.m; sourceTree = "<group>"; };
		990C85102042B20C00D36C9E /* StatusTwoController.h */ = {isa = PBXFileReference; fileEncoding = 4; lastKnownFileType = sourcecode.c.h; path = StatusTwoController.h; sourceTree = "<group>"; };
		990C85112042B20C00D36C9E /* StatusTwoController.m */ = {isa = PBXFileReference; fileEncoding = 4; lastKnownFileType = sourcecode.c.objc; path = StatusTwoController.m; sourceTree = "<group>"; };
		990C851C2042C87D00D36C9E /* DiscussController.h */ = {isa = PBXFileReference; lastKnownFileType = sourcecode.c.h; path = DiscussController.h; sourceTree = "<group>"; };
		990C851E2042CF8400D36C9E /* NewQuestionController.h */ = {isa = PBXFileReference; lastKnownFileType = sourcecode.c.h; path = NewQuestionController.h; sourceTree = "<group>"; };
		990C851F2042CF9600D36C9E /* NewQuestionController.m */ = {isa = PBXFileReference; fileEncoding = 4; lastKnownFileType = sourcecode.c.objc; path = NewQuestionController.m; sourceTree = "<group>"; };
		990C85212042D95D00D36C9E /* MyMsgController.m */ = {isa = PBXFileReference; fileEncoding = 4; lastKnownFileType = sourcecode.c.objc; path = MyMsgController.m; sourceTree = "<group>"; };
		990C85232042D96B00D36C9E /* MyMsgController.h */ = {isa = PBXFileReference; lastKnownFileType = sourcecode.c.h; path = MyMsgController.h; sourceTree = "<group>"; };
		990C85242042DCAC00D36C9E /* MsgDetailController.h */ = {isa = PBXFileReference; lastKnownFileType = sourcecode.c.h; path = MsgDetailController.h; sourceTree = "<group>"; };
		990C85252042DCBD00D36C9E /* MsgDetailController.m */ = {isa = PBXFileReference; fileEncoding = 4; lastKnownFileType = sourcecode.c.objc; path = MsgDetailController.m; sourceTree = "<group>"; };
		990C85272042EA8C00D36C9E /* NewCommentController.m */ = {isa = PBXFileReference; fileEncoding = 4; lastKnownFileType = sourcecode.c.objc; path = NewCommentController.m; sourceTree = "<group>"; };
		990C85292042EA9D00D36C9E /* NewCommentController.h */ = {isa = PBXFileReference; lastKnownFileType = sourcecode.c.h; path = NewCommentController.h; sourceTree = "<group>"; };
		990C852A2042EECE00D36C9E /* YXCalendarView.h */ = {isa = PBXFileReference; fileEncoding = 4; lastKnownFileType = sourcecode.c.h; name = YXCalendarView.h; path = alarm/YXCalendar/YXCalendarView.h; sourceTree = "<group>"; };
		990C852B2042EECE00D36C9E /* YXCalendarView.m */ = {isa = PBXFileReference; fileEncoding = 4; lastKnownFileType = sourcecode.c.objc; name = YXCalendarView.m; path = alarm/YXCalendar/YXCalendarView.m; sourceTree = "<group>"; };
		990C852C2042EECE00D36C9E /* YXDateHelpObject.h */ = {isa = PBXFileReference; fileEncoding = 4; lastKnownFileType = sourcecode.c.h; name = YXDateHelpObject.h; path = alarm/YXCalendar/YXDateHelpObject.h; sourceTree = "<group>"; };
		990C852D2042EECE00D36C9E /* YXDateHelpObject.m */ = {isa = PBXFileReference; fileEncoding = 4; lastKnownFileType = sourcecode.c.objc; name = YXDateHelpObject.m; path = alarm/YXCalendar/YXDateHelpObject.m; sourceTree = "<group>"; };
		990C852E2042EECE00D36C9E /* YXDayCell.h */ = {isa = PBXFileReference; fileEncoding = 4; lastKnownFileType = sourcecode.c.h; name = YXDayCell.h; path = alarm/YXCalendar/YXDayCell.h; sourceTree = "<group>"; };
		990C852F2042EECE00D36C9E /* YXDayCell.m */ = {isa = PBXFileReference; fileEncoding = 4; lastKnownFileType = sourcecode.c.objc; name = YXDayCell.m; path = alarm/YXCalendar/YXDayCell.m; sourceTree = "<group>"; };
		990C85302042EECE00D36C9E /* YXDayCell.xib */ = {isa = PBXFileReference; fileEncoding = 4; lastKnownFileType = file.xib; name = YXDayCell.xib; path = alarm/YXCalendar/YXDayCell.xib; sourceTree = "<group>"; };
		990C85312042EECE00D36C9E /* YXMonthView.h */ = {isa = PBXFileReference; fileEncoding = 4; lastKnownFileType = sourcecode.c.h; name = YXMonthView.h; path = alarm/YXCalendar/YXMonthView.h; sourceTree = "<group>"; };
		990C85322042EECE00D36C9E /* YXMonthView.m */ = {isa = PBXFileReference; fileEncoding = 4; lastKnownFileType = sourcecode.c.objc; name = YXMonthView.m; path = alarm/YXCalendar/YXMonthView.m; sourceTree = "<group>"; };
		990C853A2042EFA900D36C9E /* PGIndexBannerSubiew.h */ = {isa = PBXFileReference; fileEncoding = 4; lastKnownFileType = sourcecode.c.h; path = PGIndexBannerSubiew.h; sourceTree = "<group>"; };
		990C853B2042EFA900D36C9E /* PGIndexBannerSubiew.m */ = {isa = PBXFileReference; fileEncoding = 4; lastKnownFileType = sourcecode.c.objc; path = PGIndexBannerSubiew.m; sourceTree = "<group>"; };
		990C853D2042EFA900D36C9E /* NewPagedFlowView.h */ = {isa = PBXFileReference; fileEncoding = 4; lastKnownFileType = sourcecode.c.h; path = NewPagedFlowView.h; sourceTree = "<group>"; };
		990C853E2042EFA900D36C9E /* NewPagedFlowView.m */ = {isa = PBXFileReference; fileEncoding = 4; lastKnownFileType = sourcecode.c.objc; path = NewPagedFlowView.m; sourceTree = "<group>"; };
		990C853F2042EFA900D36C9E /* SXYCircle.h */ = {isa = PBXFileReference; fileEncoding = 4; lastKnownFileType = sourcecode.c.h; name = SXYCircle.h; path = alarm/Classes/SXYCircle.h; sourceTree = "<group>"; };
		990C85402042EFA900D36C9E /* SXYCircle.m */ = {isa = PBXFileReference; fileEncoding = 4; lastKnownFileType = sourcecode.c.objc; name = SXYCircle.m; path = alarm/Classes/SXYCircle.m; sourceTree = "<group>"; };
		990C85452042F3BF00D36C9E /* PTHistogramView.h */ = {isa = PBXFileReference; fileEncoding = 4; lastKnownFileType = sourcecode.c.h; name = PTHistogramView.h; path = alarm/PTView/PTHistogramView.h; sourceTree = "<group>"; };
		990C85462042F3BF00D36C9E /* PTHistogramView.m */ = {isa = PBXFileReference; fileEncoding = 4; lastKnownFileType = sourcecode.c.objc; name = PTHistogramView.m; path = alarm/PTView/PTHistogramView.m; sourceTree = "<group>"; };
		990C85472042F3BF00D36C9E /* UIView+Extend.h */ = {isa = PBXFileReference; fileEncoding = 4; lastKnownFileType = sourcecode.c.h; name = "UIView+Extend.h"; path = "alarm/PTView/UIView+Extend.h"; sourceTree = "<group>"; };
		990C85482042F3BF00D36C9E /* UIView+Extend.m */ = {isa = PBXFileReference; fileEncoding = 4; lastKnownFileType = sourcecode.c.objc; name = "UIView+Extend.m"; path = "alarm/PTView/UIView+Extend.m"; sourceTree = "<group>"; };
		990C85492042F3BF00D36C9E /* UICountingLabel.h */ = {isa = PBXFileReference; fileEncoding = 4; lastKnownFileType = sourcecode.c.h; name = UICountingLabel.h; path = alarm/PTView/UICountingLabel.h; sourceTree = "<group>"; };
		990C854A2042F3BF00D36C9E /* UICountingLabel.m */ = {isa = PBXFileReference; fileEncoding = 4; lastKnownFileType = sourcecode.c.objc; name = UICountingLabel.m; path = alarm/PTView/UICountingLabel.m; sourceTree = "<group>"; };
		9920D21120177AED00DA8D6D /* SelectPhotoController.m */ = {isa = PBXFileReference; fileEncoding = 4; lastKnownFileType = sourcecode.c.objc; path = SelectPhotoController.m; sourceTree = "<group>"; };
		9920D21320177B0800DA8D6D /* SelectPhotoController.h */ = {isa = PBXFileReference; fileEncoding = 4; lastKnownFileType = sourcecode.c.h; path = SelectPhotoController.h; sourceTree = "<group>"; };
		9920D21420177C0900DA8D6D /* SelectMusicController.h */ = {isa = PBXFileReference; lastKnownFileType = sourcecode.c.h; path = SelectMusicController.h; sourceTree = "<group>"; };
		9920D21520177C2800DA8D6D /* SelectMusicController.m */ = {isa = PBXFileReference; fileEncoding = 4; lastKnownFileType = sourcecode.c.objc; path = SelectMusicController.m; sourceTree = "<group>"; };
		9920D2172017859900DA8D6D /* VideoListController.m */ = {isa = PBXFileReference; fileEncoding = 4; lastKnownFileType = sourcecode.c.objc; path = VideoListController.m; sourceTree = "<group>"; };
		9920D219201785A600DA8D6D /* VideoListController.h */ = {isa = PBXFileReference; lastKnownFileType = sourcecode.c.h; path = VideoListController.h; sourceTree = "<group>"; };
		9920D21A201785FB00DA8D6D /* SettingController.h */ = {isa = PBXFileReference; lastKnownFileType = sourcecode.c.h; path = SettingController.h; sourceTree = "<group>"; };
		9920D21B2017860D00DA8D6D /* SettingController.m */ = {isa = PBXFileReference; fileEncoding = 4; lastKnownFileType = sourcecode.c.objc; path = SettingController.m; sourceTree = "<group>"; };
		998F36D5202757D300676226 /* NoiseController.m */ = {isa = PBXFileReference; fileEncoding = 4; lastKnownFileType = sourcecode.c.objc; path = NoiseController.m; sourceTree = "<group>"; };
		998F36D7202757E400676226 /* NoiseController.h */ = {isa = PBXFileReference; lastKnownFileType = sourcecode.c.h; path = NoiseController.h; sourceTree = "<group>"; };
		CE01F3FB2023598500040FC4 /* MyCollectionViewCell.h */ = {isa = PBXFileReference; lastKnownFileType = sourcecode.c.h; path = MyCollectionViewCell.h; sourceTree = "<group>"; };
		CE01F3FC202359A100040FC4 /* MyCollectionViewCell.m */ = {isa = PBXFileReference; lastKnownFileType = sourcecode.c.objc; path = MyCollectionViewCell.m; sourceTree = "<group>"; };
		CE1A4977201A01DC005CB860 /* HYBAnimationClock.m */ = {isa = PBXFileReference; fileEncoding = 4; lastKnownFileType = sourcecode.c.objc; path = HYBAnimationClock.m; sourceTree = "<group>"; };
		CE1A4978201A01DD005CB860 /* HYBAnimationClock.h */ = {isa = PBXFileReference; fileEncoding = 4; lastKnownFileType = sourcecode.c.h; path = HYBAnimationClock.h; sourceTree = "<group>"; };
		CE1A497A201A0219005CB860 /* HYBClockView.h */ = {isa = PBXFileReference; fileEncoding = 4; lastKnownFileType = sourcecode.c.h; path = HYBClockView.h; sourceTree = "<group>"; };
		CE1A497B201A0219005CB860 /* HYBClockView.m */ = {isa = PBXFileReference; fileEncoding = 4; lastKnownFileType = sourcecode.c.objc; path = HYBClockView.m; sourceTree = "<group>"; };
		CE446F5A202806FE009320EC /* VideoDetailController.m */ = {isa = PBXFileReference; lastKnownFileType = sourcecode.c.objc; path = VideoDetailController.m; sourceTree = "<group>"; };
		CE446F5C20280713009320EC /* VideoDetailController.h */ = {isa = PBXFileReference; lastKnownFileType = sourcecode.c.h; path = VideoDetailController.h; sourceTree = "<group>"; };
		CE446F5D20280A1C009320EC /* PwdController.m */ = {isa = PBXFileReference; lastKnownFileType = sourcecode.c.objc; path = PwdController.m; sourceTree = "<group>"; };
		CE446F5F20280A2D009320EC /* PwdController.h */ = {isa = PBXFileReference; lastKnownFileType = sourcecode.c.h; path = PwdController.h; sourceTree = "<group>"; };
		CE446F6020280A3E009320EC /* HelpController.h */ = {isa = PBXFileReference; lastKnownFileType = sourcecode.c.h; path = HelpController.h; sourceTree = "<group>"; };
		CE446F6120280A4B009320EC /* HelpController.m */ = {isa = PBXFileReference; lastKnownFileType = sourcecode.c.objc; path = HelpController.m; sourceTree = "<group>"; };
		CE446F6320280A57009320EC /* AboutController.m */ = {isa = PBXFileReference; lastKnownFileType = sourcecode.c.objc; path = AboutController.m; sourceTree = "<group>"; };
		CE446F6520280A61009320EC /* AboutController.h */ = {isa = PBXFileReference; lastKnownFileType = sourcecode.c.h; path = AboutController.h; sourceTree = "<group>"; };
		CE446F6620280A6D009320EC /* VersionController.h */ = {isa = PBXFileReference; lastKnownFileType = sourcecode.c.h; path = VersionController.h; sourceTree = "<group>"; };
		CE446F6720280A78009320EC /* VersionController.m */ = {isa = PBXFileReference; lastKnownFileType = sourcecode.c.objc; path = VersionController.m; sourceTree = "<group>"; };
		CEA01CEA202337A60001DAF0 /* ListAlarmController.m */ = {isa = PBXFileReference; lastKnownFileType = sourcecode.c.objc; path = ListAlarmController.m; sourceTree = "<group>"; };
		CEA01CEC202338020001DAF0 /* ListAlarmController.h */ = {isa = PBXFileReference; lastKnownFileType = sourcecode.c.h; path = ListAlarmController.h; sourceTree = "<group>"; };
		CEA7ECCA2045160A006A9D7F /* ShowPhotoController.h */ = {isa = PBXFileReference; lastKnownFileType = sourcecode.c.h; path = ShowPhotoController.h; sourceTree = "<group>"; };
		CEA7ECCB2045161C006A9D7F /* ShowPhotoController.m */ = {isa = PBXFileReference; lastKnownFileType = sourcecode.c.objc; path = ShowPhotoController.m; sourceTree = "<group>"; };
		CEA7ECCD20453CE6006A9D7F /* Assets.xcassets */ = {isa = PBXFileReference; lastKnownFileType = folder.assetcatalog; name = Assets.xcassets; path = alarm/Assets.xcassets; sourceTree = "<group>"; };
		CEBBACCF2041214800F6262D /* WBTabBarController.m */ = {isa = PBXFileReference; lastKnownFileType = sourcecode.c.objc; path = WBTabBarController.m; sourceTree = "<group>"; };
		CEBBACD12041215A00F6262D /* WBTabBarController.h */ = {isa = PBXFileReference; lastKnownFileType = sourcecode.c.h; path = WBTabBarController.h; sourceTree = "<group>"; };
		CEBBACD22041608D00F6262D /* StatusController.h */ = {isa = PBXFileReference; lastKnownFileType = sourcecode.c.h; path = StatusController.h; sourceTree = "<group>"; };
		CEBBACD32041609B00F6262D /* StatusController.m */ = {isa = PBXFileReference; lastKnownFileType = sourcecode.c.objc; path = StatusController.m; sourceTree = "<group>"; };
		CEBEC2A12043B85D00540DBB /* DiscussController.m */ = {isa = PBXFileReference; lastKnownFileType = sourcecode.c.objc; path = DiscussController.m; sourceTree = "<group>"; };
		CEBEC2A32043C7BE00540DBB /* PlayVideoController.m */ = {isa = PBXFileReference; lastKnownFileType = sourcecode.c.objc; path = PlayVideoController.m; sourceTree = "<group>"; };
		CEBEC2A52043C7CD00540DBB /* PlayVideoController.h */ = {isa = PBXFileReference; lastKnownFileType = sourcecode.c.h; path = PlayVideoController.h; sourceTree = "<group>"; };
/* End PBXFileReference section */

/* Begin PBXFrameworksBuildPhase section */
		990736A02016344C002EFEC5 /* Frameworks */ = {
			isa = PBXFrameworksBuildPhase;
			buildActionMask = 2147483647;
			files = (
			);
			runOnlyForDeploymentPostprocessing = 0;
		};
		990736B92016344C002EFEC5 /* Frameworks */ = {
			isa = PBXFrameworksBuildPhase;
			buildActionMask = 2147483647;
			files = (
			);
			runOnlyForDeploymentPostprocessing = 0;
		};
		990736C42016344C002EFEC5 /* Frameworks */ = {
			isa = PBXFrameworksBuildPhase;
			buildActionMask = 2147483647;
			files = (
			);
			runOnlyForDeploymentPostprocessing = 0;
		};
/* End PBXFrameworksBuildPhase section */

/* Begin PBXGroup section */
		9907369A2016344C002EFEC5 = {
			isa = PBXGroup;
			children = (
				CEA7ECCD20453CE6006A9D7F /* Assets.xcassets */,
				990C854E2042F3C600D36C9E /* PTView */,
				990C85442042EFB200D36C9E /* Classes */,
				990C85382042EED800D36C9E /* YXCalendar */,
				990736A52016344C002EFEC5 /* alarm */,
				990736BF2016344C002EFEC5 /* alarmTests */,
				990736CA2016344C002EFEC5 /* alarmUITests */,
				990736A42016344C002EFEC5 /* Products */,
			);
			sourceTree = "<group>";
		};
		990736A42016344C002EFEC5 /* Products */ = {
			isa = PBXGroup;
			children = (
				990736A32016344C002EFEC5 /* alarm.app */,
				990736BC2016344C002EFEC5 /* alarmTests.xctest */,
				990736C72016344C002EFEC5 /* alarmUITests.xctest */,
			);
			name = Products;
			sourceTree = "<group>";
		};
		990736A52016344C002EFEC5 /* alarm */ = {
			isa = PBXGroup;
			children = (
				990C851D2042C88F00D36C9E /* DiscussTab */,
				990C85162042C62700D36C9E /* AlarmTab */,
				990736A92016344C002EFEC5 /* AppDelegate.h */,
				990736AA2016344C002EFEC5 /* AppDelegate.m */,
				990736B72016344C002EFEC5 /* Info.plist */,
				990736AF2016344C002EFEC5 /* Main.storyboard */,
				998F36D7202757E400676226 /* NoiseController.h */,
				998F36D5202757D300676226 /* NoiseController.m */,
				990C85152042C5AE00D36C9E /* SettingTab */,
				990C85072042AFA500D36C9E /* StatusTab */,
				990736A62016344C002EFEC5 /* Supporting Files */,
				990C85182042C68200D36C9E /* Unused */,
				990C85172042C65400D36C9E /* VideoTab */,
				CEBBACD12041215A00F6262D /* WBTabBarController.h */,
				CEBBACCF2041214800F6262D /* WBTabBarController.m */,
			);
			path = alarm;
			sourceTree = "<group>";
		};
		990736A62016344C002EFEC5 /* Supporting Files */ = {
			isa = PBXGroup;
			children = (
				990736A72016344C002EFEC5 /* main.m */,
			);
			name = "Supporting Files";
			sourceTree = "<group>";
		};
		990736BF2016344C002EFEC5 /* alarmTests */ = {
			isa = PBXGroup;
			children = (
				990736C02016344C002EFEC5 /* alarmTests.m */,
				990736C22016344C002EFEC5 /* Info.plist */,
			);
			path = alarmTests;
			sourceTree = "<group>";
		};
		990736CA2016344C002EFEC5 /* alarmUITests */ = {
			isa = PBXGroup;
			children = (
				990736CB2016344C002EFEC5 /* alarmUITests.m */,
				990736CD2016344C002EFEC5 /* Info.plist */,
			);
			path = alarmUITests;
			sourceTree = "<group>";
		};
		990C85072042AFA500D36C9E /* StatusTab */ = {
			isa = PBXGroup;
			children = (
				990C850C2042B20C00D36C9E /* StatusFourController.h */,
				990C850D2042B20C00D36C9E /* StatusFourController.m */,
				990C850E2042B20C00D36C9E /* StatusThreeController.h */,
				990C850F2042B20C00D36C9E /* StatusThreeController.m */,
				990C85102042B20C00D36C9E /* StatusTwoController.h */,
				990C85112042B20C00D36C9E /* StatusTwoController.m */,
				CEBBACD22041608D00F6262D /* StatusController.h */,
				CEBBACD32041609B00F6262D /* StatusController.m */,
				990C85082042AFD700D36C9E /* StatusOneController.h */,
				990C85092042AFE400D36C9E /* StatusOneController.m */,
			);
			name = StatusTab;
			sourceTree = "<group>";
		};
		990C85152042C5AE00D36C9E /* SettingTab */ = {
			isa = PBXGroup;
			children = (
				CE446F6520280A61009320EC /* AboutController.h */,
				CE446F6320280A57009320EC /* AboutController.m */,
				CE446F6020280A3E009320EC /* HelpController.h */,
				CE446F6120280A4B009320EC /* HelpController.m */,
				CE446F5F20280A2D009320EC /* PwdController.h */,
				CE446F5D20280A1C009320EC /* PwdController.m */,
				9920D21A201785FB00DA8D6D /* SettingController.h */,
				9920D21B2017860D00DA8D6D /* SettingController.m */,
			);
			name = SettingTab;
			sourceTree = "<group>";
		};
		990C85162042C62700D36C9E /* AlarmTab */ = {
			isa = PBXGroup;
			children = (
				990736AC2016344C002EFEC5 /* AddAlarmController.h */,
				CEA01CEC202338020001DAF0 /* ListAlarmController.h */,
				9920D21420177C0900DA8D6D /* SelectMusicController.h */,
				990736AD2016344C002EFEC5 /* AddAlarmController.m */,
				CEA01CEA202337A60001DAF0 /* ListAlarmController.m */,
				9920D21520177C2800DA8D6D /* SelectMusicController.m */,
				CEA7ECCA2045160A006A9D7F /* ShowPhotoController.h */,
				CEA7ECCB2045161C006A9D7F /* ShowPhotoController.m */,
			);
			name = AlarmTab;
			sourceTree = "<group>";
		};
		990C85172042C65400D36C9E /* VideoTab */ = {
			isa = PBXGroup;
			children = (
				CE446F5C20280713009320EC /* VideoDetailController.h */,
				CE446F5A202806FE009320EC /* VideoDetailController.m */,
				9920D219201785A600DA8D6D /* VideoListController.h */,
				9920D2172017859900DA8D6D /* VideoListController.m */,
				CEBEC2A32043C7BE00540DBB /* PlayVideoController.m */,
				CEBEC2A52043C7CD00540DBB /* PlayVideoController.h */,
			);
			name = VideoTab;
			sourceTree = "<group>";
		};
		990C85182042C68200D36C9E /* Unused */ = {
			isa = PBXGroup;
			children = (
				CE01F3FB2023598500040FC4 /* MyCollectionViewCell.h */,
				CE01F3FC202359A100040FC4 /* MyCollectionViewCell.m */,
				CE1A4978201A01DD005CB860 /* HYBAnimationClock.h */,
				CE1A4977201A01DC005CB860 /* HYBAnimationClock.m */,
				CE1A497A201A0219005CB860 /* HYBClockView.h */,
				CE1A497B201A0219005CB860 /* HYBClockView.m */,
				990736DB20163584002EFEC5 /* IndexController.h */,
				990736D920163578002EFEC5 /* IndexController.m */,
				9920D21320177B0800DA8D6D /* SelectPhotoController.h */,
				9920D21120177AED00DA8D6D /* SelectPhotoController.m */,
				CE446F6620280A6D009320EC /* VersionController.h */,
				CE446F6720280A78009320EC /* VersionController.m */,
			);
			name = Unused;
			sourceTree = "<group>";
		};
		990C851D2042C88F00D36C9E /* DiscussTab */ = {
			isa = PBXGroup;
			children = (
				990C851C2042C87D00D36C9E /* DiscussController.h */,
				CEBEC2A12043B85D00540DBB /* DiscussController.m */,
				990C851E2042CF8400D36C9E /* NewQuestionController.h */,
				990C851F2042CF9600D36C9E /* NewQuestionController.m */,
				990C85212042D95D00D36C9E /* MyMsgController.m */,
				990C85232042D96B00D36C9E /* MyMsgController.h */,
				990C85242042DCAC00D36C9E /* MsgDetailController.h */,
				990C85252042DCBD00D36C9E /* MsgDetailController.m */,
				990C85272042EA8C00D36C9E /* NewCommentController.m */,
				990C85292042EA9D00D36C9E /* NewCommentController.h */,
			);
			name = DiscussTab;
			sourceTree = "<group>";
		};
		990C85382042EED800D36C9E /* YXCalendar */ = {
			isa = PBXGroup;
			children = (
				990C852A2042EECE00D36C9E /* YXCalendarView.h */,
				990C852B2042EECE00D36C9E /* YXCalendarView.m */,
				990C852C2042EECE00D36C9E /* YXDateHelpObject.h */,
				990C852D2042EECE00D36C9E /* YXDateHelpObject.m */,
				990C852E2042EECE00D36C9E /* YXDayCell.h */,
				990C852F2042EECE00D36C9E /* YXDayCell.m */,
				990C85302042EECE00D36C9E /* YXDayCell.xib */,
				990C85312042EECE00D36C9E /* YXMonthView.h */,
				990C85322042EECE00D36C9E /* YXMonthView.m */,
			);
			name = YXCalendar;
			sourceTree = "<group>";
		};
		990C85392042EFA900D36C9E /* CustomeView */ = {
			isa = PBXGroup;
			children = (
				990C853A2042EFA900D36C9E /* PGIndexBannerSubiew.h */,
				990C853B2042EFA900D36C9E /* PGIndexBannerSubiew.m */,
			);
			name = CustomeView;
			path = alarm/Classes/CustomeView;
			sourceTree = "<group>";
		};
		990C853C2042EFA900D36C9E /* NewPagedFlowView */ = {
			isa = PBXGroup;
			children = (
				990C853D2042EFA900D36C9E /* NewPagedFlowView.h */,
				990C853E2042EFA900D36C9E /* NewPagedFlowView.m */,
			);
			name = NewPagedFlowView;
			path = alarm/Classes/NewPagedFlowView;
			sourceTree = "<group>";
		};
		990C85442042EFB200D36C9E /* Classes */ = {
			isa = PBXGroup;
			children = (
				990C85392042EFA900D36C9E /* CustomeView */,
				990C853C2042EFA900D36C9E /* NewPagedFlowView */,
				990C853F2042EFA900D36C9E /* SXYCircle.h */,
				990C85402042EFA900D36C9E /* SXYCircle.m */,
			);
			name = Classes;
			sourceTree = "<group>";
		};
		990C854E2042F3C600D36C9E /* PTView */ = {
			isa = PBXGroup;
			children = (
				990C85452042F3BF00D36C9E /* PTHistogramView.h */,
				990C85462042F3BF00D36C9E /* PTHistogramView.m */,
				990C85472042F3BF00D36C9E /* UIView+Extend.h */,
				990C85482042F3BF00D36C9E /* UIView+Extend.m */,
				990C85492042F3BF00D36C9E /* UICountingLabel.h */,
				990C854A2042F3BF00D36C9E /* UICountingLabel.m */,
			);
			name = PTView;
			sourceTree = "<group>";
		};
/* End PBXGroup section */

/* Begin PBXNativeTarget section */
		990736A22016344C002EFEC5 /* alarm */ = {
			isa = PBXNativeTarget;
			buildConfigurationList = 990736D02016344C002EFEC5 /* Build configuration list for PBXNativeTarget "alarm" */;
			buildPhases = (
				9907369F2016344C002EFEC5 /* Sources */,
				990736A02016344C002EFEC5 /* Frameworks */,
				990736A12016344C002EFEC5 /* Resources */,
			);
			buildRules = (
			);
			dependencies = (
			);
			name = alarm;
			productName = alarm;
			productReference = 990736A32016344C002EFEC5 /* alarm.app */;
			productType = "com.apple.product-type.application";
		};
		990736BB2016344C002EFEC5 /* alarmTests */ = {
			isa = PBXNativeTarget;
			buildConfigurationList = 990736D32016344C002EFEC5 /* Build configuration list for PBXNativeTarget "alarmTests" */;
			buildPhases = (
				990736B82016344C002EFEC5 /* Sources */,
				990736B92016344C002EFEC5 /* Frameworks */,
				990736BA2016344C002EFEC5 /* Resources */,
			);
			buildRules = (
			);
			dependencies = (
				990736BE2016344C002EFEC5 /* PBXTargetDependency */,
			);
			name = alarmTests;
			productName = alarmTests;
			productReference = 990736BC2016344C002EFEC5 /* alarmTests.xctest */;
			productType = "com.apple.product-type.bundle.unit-test";
		};
		990736C62016344C002EFEC5 /* alarmUITests */ = {
			isa = PBXNativeTarget;
			buildConfigurationList = 990736D62016344C002EFEC5 /* Build configuration list for PBXNativeTarget "alarmUITests" */;
			buildPhases = (
				990736C32016344C002EFEC5 /* Sources */,
				990736C42016344C002EFEC5 /* Frameworks */,
				990736C52016344C002EFEC5 /* Resources */,
			);
			buildRules = (
			);
			dependencies = (
				990736C92016344C002EFEC5 /* PBXTargetDependency */,
			);
			name = alarmUITests;
			productName = alarmUITests;
			productReference = 990736C72016344C002EFEC5 /* alarmUITests.xctest */;
			productType = "com.apple.product-type.bundle.ui-testing";
		};
/* End PBXNativeTarget section */

/* Begin PBXProject section */
		9907369B2016344C002EFEC5 /* Project object */ = {
			isa = PBXProject;
			attributes = {
				LastUpgradeCheck = 0830;
				ORGANIZATIONNAME = "Dreamover Studio";
				TargetAttributes = {
					990736A22016344C002EFEC5 = {
						CreatedOnToolsVersion = 8.3.3;
						DevelopmentTeam = 6A32892327;
						ProvisioningStyle = Automatic;
					};
					990736BB2016344C002EFEC5 = {
						CreatedOnToolsVersion = 8.3.3;
						ProvisioningStyle = Automatic;
						TestTargetID = 990736A22016344C002EFEC5;
					};
					990736C62016344C002EFEC5 = {
						CreatedOnToolsVersion = 8.3.3;
						ProvisioningStyle = Automatic;
						TestTargetID = 990736A22016344C002EFEC5;
					};
				};
			};
			buildConfigurationList = 9907369E2016344C002EFEC5 /* Build configuration list for PBXProject "alarm" */;
			compatibilityVersion = "Xcode 3.2";
			developmentRegion = English;
			hasScannedForEncodings = 0;
			knownRegions = (
				en,
				Base,
			);
			mainGroup = 9907369A2016344C002EFEC5;
			productRefGroup = 990736A42016344C002EFEC5 /* Products */;
			projectDirPath = "";
			projectRoot = "";
			targets = (
				990736A22016344C002EFEC5 /* alarm */,
				990736BB2016344C002EFEC5 /* alarmTests */,
				990736C62016344C002EFEC5 /* alarmUITests */,
			);
		};
/* End PBXProject section */

/* Begin PBXResourcesBuildPhase section */
		990736A12016344C002EFEC5 /* Resources */ = {
			isa = PBXResourcesBuildPhase;
			buildActionMask = 2147483647;
			files = (
				990736B12016344C002EFEC5 /* Main.storyboard in Resources */,
				CEA7ECCE20453CE7006A9D7F /* Assets.xcassets in Resources */,
				990C85362042EECE00D36C9E /* YXDayCell.xib in Resources */,
			);
			runOnlyForDeploymentPostprocessing = 0;
		};
		990736BA2016344C002EFEC5 /* Resources */ = {
			isa = PBXResourcesBuildPhase;
			buildActionMask = 2147483647;
			files = (
			);
			runOnlyForDeploymentPostprocessing = 0;
		};
		990736C52016344C002EFEC5 /* Resources */ = {
			isa = PBXResourcesBuildPhase;
			buildActionMask = 2147483647;
			files = (
			);
			runOnlyForDeploymentPostprocessing = 0;
		};
/* End PBXResourcesBuildPhase section */

/* Begin PBXSourcesBuildPhase section */
		9907369F2016344C002EFEC5 /* Sources */ = {
			isa = PBXSourcesBuildPhase;
			buildActionMask = 2147483647;
			files = (
				990C85132042B20C00D36C9E /* StatusThreeController.m in Sources */,
				9920D21C2017860D00DA8D6D /* SettingController.m in Sources */,
				CEBBACD42041609B00F6262D /* StatusController.m in Sources */,
				CEA01CEB202337A60001DAF0 /* ListAlarmController.m in Sources */,
				990C85122042B20C00D36C9E /* StatusFourController.m in Sources */,
				990C854D2042F3BF00D36C9E /* UICountingLabel.m in Sources */,
				990C85372042EECE00D36C9E /* YXMonthView.m in Sources */,
				990C85222042D95D00D36C9E /* MyMsgController.m in Sources */,
				990C85262042DCBD00D36C9E /* MsgDetailController.m in Sources */,
				990C85342042EECE00D36C9E /* YXDateHelpObject.m in Sources */,
				CE446F6420280A57009320EC /* AboutController.m in Sources */,
				CE01F3FD202359A100040FC4 /* MyCollectionViewCell.m in Sources */,
				9920D21220177AED00DA8D6D /* SelectPhotoController.m in Sources */,
				990736DA20163578002EFEC5 /* IndexController.m in Sources */,
				CE1A4979201A01DD005CB860 /* HYBAnimationClock.m in Sources */,
				990736AE2016344C002EFEC5 /* AddAlarmController.m in Sources */,
				9920D21620177C2800DA8D6D /* SelectMusicController.m in Sources */,
				CEBEC2A42043C7BE00540DBB /* PlayVideoController.m in Sources */,
				CE446F6220280A4B009320EC /* HelpController.m in Sources */,
				CE446F5B202806FE009320EC /* VideoDetailController.m in Sources */,
				998F36D6202757D300676226 /* NoiseController.m in Sources */,
				9920D2182017859900DA8D6D /* VideoListController.m in Sources */,
				CE1A497C201A0219005CB860 /* HYBClockView.m in Sources */,
				CE446F6820280A78009320EC /* VersionController.m in Sources */,
				990C85352042EECE00D36C9E /* YXDayCell.m in Sources */,
				990C85142042B20C00D36C9E /* StatusTwoController.m in Sources */,
				990C850A2042AFE400D36C9E /* StatusOneController.m in Sources */,
				CEA7ECCC2045161C006A9D7F /* ShowPhotoController.m in Sources */,
				990736AB2016344C002EFEC5 /* AppDelegate.m in Sources */,
				990736A82016344C002EFEC5 /* main.m in Sources */,
				CEBBACD02041214800F6262D /* WBTabBarController.m in Sources */,
				990C85202042CF9600D36C9E /* NewQuestionController.m in Sources */,
				990C85332042EECE00D36C9E /* YXCalendarView.m in Sources */,
				CE446F5E20280A1C009320EC /* PwdController.m in Sources */,
				990C854C2042F3BF00D36C9E /* UIView+Extend.m in Sources */,
				990C85432042EFA900D36C9E /* SXYCircle.m in Sources */,
				990C85422042EFA900D36C9E /* NewPagedFlowView.m in Sources */,
				990C85412042EFA900D36C9E /* PGIndexBannerSubiew.m in Sources */,
				990C85282042EA8C00D36C9E /* NewCommentController.m in Sources */,
				990C854B2042F3BF00D36C9E /* PTHistogramView.m in Sources */,
				CEBEC2A22043B85D00540DBB /* DiscussController.m in Sources */,
			);
			runOnlyForDeploymentPostprocessing = 0;
		};
		990736B82016344C002EFEC5 /* Sources */ = {
			isa = PBXSourcesBuildPhase;
			buildActionMask = 2147483647;
			files = (
				990736C12016344C002EFEC5 /* alarmTests.m in Sources */,
			);
			runOnlyForDeploymentPostprocessing = 0;
		};
		990736C32016344C002EFEC5 /* Sources */ = {
			isa = PBXSourcesBuildPhase;
			buildActionMask = 2147483647;
			files = (
				990736CC2016344C002EFEC5 /* alarmUITests.m in Sources */,
			);
			runOnlyForDeploymentPostprocessing = 0;
		};
/* End PBXSourcesBuildPhase section */

/* Begin PBXTargetDependency section */
		990736BE2016344C002EFEC5 /* PBXTargetDependency */ = {
			isa = PBXTargetDependency;
			target = 990736A22016344C002EFEC5 /* alarm */;
			targetProxy = 990736BD2016344C002EFEC5 /* PBXContainerItemProxy */;
		};
		990736C92016344C002EFEC5 /* PBXTargetDependency */ = {
			isa = PBXTargetDependency;
			target = 990736A22016344C002EFEC5 /* alarm */;
			targetProxy = 990736C82016344C002EFEC5 /* PBXContainerItemProxy */;
		};
/* End PBXTargetDependency section */

/* Begin PBXVariantGroup section */
		990736AF2016344C002EFEC5 /* Main.storyboard */ = {
			isa = PBXVariantGroup;
			children = (
				990736B02016344C002EFEC5 /* Base */,
			);
			name = Main.storyboard;
			sourceTree = "<group>";
		};
/* End PBXVariantGroup section */

/* Begin XCBuildConfiguration section */
		990736CE2016344C002EFEC5 /* Debug */ = {
			isa = XCBuildConfiguration;
			buildSettings = {
				ALWAYS_SEARCH_USER_PATHS = NO;
				CLANG_ANALYZER_NONNULL = YES;
				CLANG_ANALYZER_NUMBER_OBJECT_CONVERSION = YES_AGGRESSIVE;
				CLANG_CXX_LANGUAGE_STANDARD = "gnu++0x";
				CLANG_CXX_LIBRARY = "libc++";
				CLANG_ENABLE_MODULES = YES;
				CLANG_ENABLE_OBJC_ARC = YES;
				CLANG_WARN_BOOL_CONVERSION = YES;
				CLANG_WARN_CONSTANT_CONVERSION = YES;
				CLANG_WARN_DIRECT_OBJC_ISA_USAGE = YES_ERROR;
				CLANG_WARN_DOCUMENTATION_COMMENTS = YES;
				CLANG_WARN_EMPTY_BODY = YES;
				CLANG_WARN_ENUM_CONVERSION = YES;
				CLANG_WARN_INFINITE_RECURSION = YES;
				CLANG_WARN_INT_CONVERSION = YES;
				CLANG_WARN_OBJC_ROOT_CLASS = YES_ERROR;
				CLANG_WARN_SUSPICIOUS_MOVE = YES;
				CLANG_WARN_UNREACHABLE_CODE = YES;
				CLANG_WARN__DUPLICATE_METHOD_MATCH = YES;
				"CODE_SIGN_IDENTITY[sdk=iphoneos*]" = "iPhone Developer";
				COPY_PHASE_STRIP = NO;
				DEBUG_INFORMATION_FORMAT = dwarf;
				ENABLE_STRICT_OBJC_MSGSEND = YES;
				ENABLE_TESTABILITY = YES;
				GCC_C_LANGUAGE_STANDARD = gnu99;
				GCC_DYNAMIC_NO_PIC = NO;
				GCC_NO_COMMON_BLOCKS = YES;
				GCC_OPTIMIZATION_LEVEL = 0;
				GCC_PREPROCESSOR_DEFINITIONS = (
					"DEBUG=1",
					"$(inherited)",
				);
				GCC_WARN_64_TO_32_BIT_CONVERSION = YES;
				GCC_WARN_ABOUT_RETURN_TYPE = YES_ERROR;
				GCC_WARN_UNDECLARED_SELECTOR = YES;
				GCC_WARN_UNINITIALIZED_AUTOS = YES_AGGRESSIVE;
				GCC_WARN_UNUSED_FUNCTION = YES;
				GCC_WARN_UNUSED_VARIABLE = YES;
				IPHONEOS_DEPLOYMENT_TARGET = 10.3;
				MTL_ENABLE_DEBUG_INFO = YES;
				ONLY_ACTIVE_ARCH = YES;
				SDKROOT = iphoneos;
			};
			name = Debug;
		};
		990736CF2016344C002EFEC5 /* Release */ = {
			isa = XCBuildConfiguration;
			buildSettings = {
				ALWAYS_SEARCH_USER_PATHS = NO;
				CLANG_ANALYZER_NONNULL = YES;
				CLANG_ANALYZER_NUMBER_OBJECT_CONVERSION = YES_AGGRESSIVE;
				CLANG_CXX_LANGUAGE_STANDARD = "gnu++0x";
				CLANG_CXX_LIBRARY = "libc++";
				CLANG_ENABLE_MODULES = YES;
				CLANG_ENABLE_OBJC_ARC = YES;
				CLANG_WARN_BOOL_CONVERSION = YES;
				CLANG_WARN_CONSTANT_CONVERSION = YES;
				CLANG_WARN_DIRECT_OBJC_ISA_USAGE = YES_ERROR;
				CLANG_WARN_DOCUMENTATION_COMMENTS = YES;
				CLANG_WARN_EMPTY_BODY = YES;
				CLANG_WARN_ENUM_CONVERSION = YES;
				CLANG_WARN_INFINITE_RECURSION = YES;
				CLANG_WARN_INT_CONVERSION = YES;
				CLANG_WARN_OBJC_ROOT_CLASS = YES_ERROR;
				CLANG_WARN_SUSPICIOUS_MOVE = YES;
				CLANG_WARN_UNREACHABLE_CODE = YES;
				CLANG_WARN__DUPLICATE_METHOD_MATCH = YES;
				"CODE_SIGN_IDENTITY[sdk=iphoneos*]" = "iPhone Developer";
				COPY_PHASE_STRIP = NO;
				DEBUG_INFORMATION_FORMAT = "dwarf-with-dsym";
				ENABLE_NS_ASSERTIONS = NO;
				ENABLE_STRICT_OBJC_MSGSEND = YES;
				GCC_C_LANGUAGE_STANDARD = gnu99;
				GCC_NO_COMMON_BLOCKS = YES;
				GCC_WARN_64_TO_32_BIT_CONVERSION = YES;
				GCC_WARN_ABOUT_RETURN_TYPE = YES_ERROR;
				GCC_WARN_UNDECLARED_SELECTOR = YES;
				GCC_WARN_UNINITIALIZED_AUTOS = YES_AGGRESSIVE;
				GCC_WARN_UNUSED_FUNCTION = YES;
				GCC_WARN_UNUSED_VARIABLE = YES;
				IPHONEOS_DEPLOYMENT_TARGET = 10.3;
				MTL_ENABLE_DEBUG_INFO = NO;
				SDKROOT = iphoneos;
				VALIDATE_PRODUCT = YES;
			};
			name = Release;
		};
		990736D12016344C002EFEC5 /* Debug */ = {
			isa = XCBuildConfiguration;
			buildSettings = {
				ASSETCATALOG_COMPILER_APPICON_NAME = AppIcon;
				ASSETCATALOG_COMPILER_LAUNCHIMAGE_NAME = LaunchImage;
				"CODE_SIGN_IDENTITY[sdk=iphoneos*]" = "iPhone Developer";
				CODE_SIGN_STYLE = Automatic;
				DEVELOPMENT_TEAM = 6A32892327;
				INFOPLIST_FILE = alarm/Info.plist;
				IPHONEOS_DEPLOYMENT_TARGET = 10.3;
				LD_RUNPATH_SEARCH_PATHS = "$(inherited) @executable_path/Frameworks";
				PRODUCT_BUNDLE_IDENTIFIER = com.dreamover.alarm;
				PRODUCT_NAME = "$(TARGET_NAME)";
				PROVISIONING_PROFILE_SPECIFIER = "";
			};
			name = Debug;
		};
		990736D22016344C002EFEC5 /* Release */ = {
			isa = XCBuildConfiguration;
			buildSettings = {
				ASSETCATALOG_COMPILER_APPICON_NAME = AppIcon;
				ASSETCATALOG_COMPILER_LAUNCHIMAGE_NAME = LaunchImage;
				"CODE_SIGN_IDENTITY[sdk=iphoneos*]" = "iPhone Developer";
				CODE_SIGN_STYLE = Automatic;
				DEVELOPMENT_TEAM = 6A32892327;
				INFOPLIST_FILE = alarm/Info.plist;
				IPHONEOS_DEPLOYMENT_TARGET = 10.3;
				LD_RUNPATH_SEARCH_PATHS = "$(inherited) @executable_path/Frameworks";
				PRODUCT_BUNDLE_IDENTIFIER = com.dreamover.alarm;
				PRODUCT_NAME = "$(TARGET_NAME)";
				PROVISIONING_PROFILE_SPECIFIER = "";
			};
			name = Release;
		};
		990736D42016344C002EFEC5 /* Debug */ = {
			isa = XCBuildConfiguration;
			buildSettings = {
				BUNDLE_LOADER = "$(TEST_HOST)";
				INFOPLIST_FILE = alarmTests/Info.plist;
				LD_RUNPATH_SEARCH_PATHS = "$(inherited) @executable_path/Frameworks @loader_path/Frameworks";
				PRODUCT_BUNDLE_IDENTIFIER = com.dreamover.alarmTests;
				PRODUCT_NAME = "$(TARGET_NAME)";
				TEST_HOST = "$(BUILT_PRODUCTS_DIR)/alarm.app/alarm";
			};
			name = Debug;
		};
		990736D52016344C002EFEC5 /* Release */ = {
			isa = XCBuildConfiguration;
			buildSettings = {
				BUNDLE_LOADER = "$(TEST_HOST)";
				INFOPLIST_FILE = alarmTests/Info.plist;
				LD_RUNPATH_SEARCH_PATHS = "$(inherited) @executable_path/Frameworks @loader_path/Frameworks";
				PRODUCT_BUNDLE_IDENTIFIER = com.dreamover.alarmTests;
				PRODUCT_NAME = "$(TARGET_NAME)";
				TEST_HOST = "$(BUILT_PRODUCTS_DIR)/alarm.app/alarm";
			};
			name = Release;
		};
		990736D72016344C002EFEC5 /* Debug */ = {
			isa = XCBuildConfiguration;
			buildSettings = {
				INFOPLIST_FILE = alarmUITests/Info.plist;
				LD_RUNPATH_SEARCH_PATHS = "$(inherited) @executable_path/Frameworks @loader_path/Frameworks";
				PRODUCT_BUNDLE_IDENTIFIER = com.dreamover.alarmUITests;
				PRODUCT_NAME = "$(TARGET_NAME)";
				TEST_TARGET_NAME = alarm;
			};
			name = Debug;
		};
		990736D82016344C002EFEC5 /* Release */ = {
			isa = XCBuildConfiguration;
			buildSettings = {
				INFOPLIST_FILE = alarmUITests/Info.plist;
				LD_RUNPATH_SEARCH_PATHS = "$(inherited) @executable_path/Frameworks @loader_path/Frameworks";
				PRODUCT_BUNDLE_IDENTIFIER = com.dreamover.alarmUITests;
				PRODUCT_NAME = "$(TARGET_NAME)";
				TEST_TARGET_NAME = alarm;
			};
			name = Release;
		};
/* End XCBuildConfiguration section */

/* Begin XCConfigurationList section */
		9907369E2016344C002EFEC5 /* Build configuration list for PBXProject "alarm" */ = {
			isa = XCConfigurationList;
			buildConfigurations = (
				990736CE2016344C002EFEC5 /* Debug */,
				990736CF2016344C002EFEC5 /* Release */,
			);
			defaultConfigurationIsVisible = 0;
			defaultConfigurationName = Release;
		};
		990736D02016344C002EFEC5 /* Build configuration list for PBXNativeTarget "alarm" */ = {
			isa = XCConfigurationList;
			buildConfigurations = (
				990736D12016344C002EFEC5 /* Debug */,
				990736D22016344C002EFEC5 /* Release */,
			);
			defaultConfigurationIsVisible = 0;
			defaultConfigurationName = Release;
		};
		990736D32016344C002EFEC5 /* Build configuration list for PBXNativeTarget "alarmTests" */ = {
			isa = XCConfigurationList;
			buildConfigurations = (
				990736D42016344C002EFEC5 /* Debug */,
				990736D52016344C002EFEC5 /* Release */,
			);
			defaultConfigurationIsVisible = 0;
			defaultConfigurationName = Release;
		};
		990736D62016344C002EFEC5 /* Build configuration list for PBXNativeTarget "alarmUITests" */ = {
			isa = XCConfigurationList;
			buildConfigurations = (
				990736D72016344C002EFEC5 /* Debug */,
				990736D82016344C002EFEC5 /* Release */,
			);
			defaultConfigurationIsVisible = 0;
			defaultConfigurationName = Release;
		};
/* End XCConfigurationList section */
	};
	rootObject = 9907369B2016344C002EFEC5 /* Project object */;
}
